
Microsoft Visual Studio Solution File, Format Version 12.00
# Visual Studio Version 17
VisualStudioVersion = 17.11.35312.102
MinimumVisualStudioVersion = 10.0.40219.1
Project("{FAE04EC0-301F-11D3-BF4B-00C04F79EFBC}") = "IND1ConsoleApp1", "IND1ConsoleApp1\IND1ConsoleApp1.csproj", "{FDC4CAE0-265F-4E95-AAFB-20B56CE00317}"
EndProject
Global
	GlobalSection(SolutionConfigurationPlatforms) = preSolution
		Debug|Any CPU = Debug|Any CPU
		Release|Any CPU = Release|Any CPU
	EndGlobalSection
	GlobalSection(ProjectConfigurationPlatforms) = postSolution
		{FDC4CAE0-265F-4E95-AAFB-20B56CE00317}.Debug|Any CPU.ActiveCfg = Debug|Any CPU
		{FDC4CAE0-265F-4E95-AAFB-20B56CE00317}.Debug|Any CPU.Build.0 = Debug|Any CPU
		{FDC4CAE0-265F-4E95-AAFB-20B56CE00317}.Release|Any CPU.ActiveCfg = Release|Any CPU
		{FDC4CAE0-265F-4E95-AAFB-20B56CE00317}.Release|Any CPU.Build.0 = Release|Any CPU
	EndGlobalSection
	GlobalSection(SolutionProperties) = preSolution
		HideSolutionNode = FALSE
	EndGlobalSection
	GlobalSection(ExtensibilityGlobals) = postSolution
		SolutionGuid = {402B2FE7-DBE8-4CD3-8993-63990C3471A0}
	EndGlobalSection
EndGlobal
